
Microsoft Visual Studio Solution File, Format Version 12.00
# Visual Studio Version 17
VisualStudioVersion = 17.14.36623.8 d17.14
MinimumVisualStudioVersion = 10.0.40219.1
Project("{FAE04EC0-301F-11D3-BF4B-00C04F79EFBC}") = "Fase5_CalculadoraDeDescontoComLogin", "Fase5_CalculadoraDeDescontoComLogin.csproj", "{8CFA3315-E4A4-454F-AFCC-5596EA0C4249}"
EndProject
Global
	GlobalSection(SolutionConfigurationPlatforms) = preSolution
		Debug|Any CPU = Debug|Any CPU
		Release|Any CPU = Release|Any CPU
	EndGlobalSection
	GlobalSection(ProjectConfigurationPlatforms) = postSolution
		{8CFA3315-E4A4-454F-AFCC-5596EA0C4249}.Debug|Any CPU.ActiveCfg = Debug|Any CPU
		{8CFA3315-E4A4-454F-AFCC-5596EA0C4249}.Debug|Any CPU.Build.0 = Debug|Any CPU
		{8CFA3315-E4A4-454F-AFCC-5596EA0C4249}.Release|Any CPU.ActiveCfg = Release|Any CPU
		{8CFA3315-E4A4-454F-AFCC-5596EA0C4249}.Release|Any CPU.Build.0 = Release|Any CPU
	EndGlobalSection
	GlobalSection(SolutionProperties) = preSolution
		HideSolutionNode = FALSE
	EndGlobalSection
	GlobalSection(ExtensibilityGlobals) = postSolution
		SolutionGuid = {D5AA55CF-3CDD-4512-89A9-A6DE081694B7}
	EndGlobalSection
EndGlobal
